
Microsoft Visual Studio Solution File, Format Version 12.00
# Visual Studio Version 17
VisualStudioVersion = 17.4.33205.214
MinimumVisualStudioVersion = 10.0.40219.1
Project("{FAE04EC0-301F-11D3-BF4B-00C04F79EFBC}") = "QuaDigi_Task", "QuaDigi_Task\QuaDigi_Task.csproj", "{F3DC479A-343C-4B23-80F7-1D1039F7593B}"
EndProject
Global
	GlobalSection(SolutionConfigurationPlatforms) = preSolution
		Debug|Any CPU = Debug|Any CPU
		Release|Any CPU = Release|Any CPU
	EndGlobalSection
	GlobalSection(ProjectConfigurationPlatforms) = postSolution
		{F3DC479A-343C-4B23-80F7-1D1039F7593B}.Debug|Any CPU.ActiveCfg = Debug|Any CPU
		{F3DC479A-343C-4B23-80F7-1D1039F7593B}.Debug|Any CPU.Build.0 = Debug|Any CPU
		{F3DC479A-343C-4B23-80F7-1D1039F7593B}.Release|Any CPU.ActiveCfg = Release|Any CPU
		{F3DC479A-343C-4B23-80F7-1D1039F7593B}.Release|Any CPU.Build.0 = Release|Any CPU
	EndGlobalSection
	GlobalSection(SolutionProperties) = preSolution
		HideSolutionNode = FALSE
	EndGlobalSection
	GlobalSection(ExtensibilityGlobals) = postSolution
		SolutionGuid = {6B186C19-D372-4484-8C54-BF1596E5A763}
	EndGlobalSection
EndGlobal
